
Microsoft Visual Studio Solution File, Format Version 12.00
# Visual Studio Version 17
VisualStudioVersion = 17.4.33205.214
MinimumVisualStudioVersion = 10.0.40219.1
Project("{9A19103F-16F7-4668-BE54-9A1E7A4F7556}") = "Blazor", "AdventOfCode2022web\Blazor.csproj", "{6BEB94FB-691A-40B2-A31E-B9760429B12D}"
EndProject
Project("{9A19103F-16F7-4668-BE54-9A1E7A4F7556}") = "Domain", "AdventOfCode2022\Domain.csproj", "{8B854663-942E-4CF6-8079-A1F13038249B}"
EndProject
Project("{9A19103F-16F7-4668-BE54-9A1E7A4F7556}") = "Tests", "AdventOfCode2022test\Tests.csproj", "{BFC8801E-2FA2-4E7A-986B-358AB150EBA6}"
EndProject
Global
	GlobalSection(SolutionConfigurationPlatforms) = preSolution
		Debug|Any CPU = Debug|Any CPU
		Release|Any CPU = Release|Any CPU
	EndGlobalSection
	GlobalSection(ProjectConfigurationPlatforms) = postSolution
		{6BEB94FB-691A-40B2-A31E-B9760429B12D}.Debug|Any CPU.ActiveCfg = Debug|Any CPU
		{6BEB94FB-691A-40B2-A31E-B9760429B12D}.Debug|Any CPU.Build.0 = Debug|Any CPU
		{6BEB94FB-691A-40B2-A31E-B9760429B12D}.Release|Any CPU.ActiveCfg = Release|Any CPU
		{6BEB94FB-691A-40B2-A31E-B9760429B12D}.Release|Any CPU.Build.0 = Release|Any CPU
		{8B854663-942E-4CF6-8079-A1F13038249B}.Debug|Any CPU.ActiveCfg = Debug|Any CPU
		{8B854663-942E-4CF6-8079-A1F13038249B}.Debug|Any CPU.Build.0 = Debug|Any CPU
		{8B854663-942E-4CF6-8079-A1F13038249B}.Release|Any CPU.ActiveCfg = Release|Any CPU
		{8B854663-942E-4CF6-8079-A1F13038249B}.Release|Any CPU.Build.0 = Release|Any CPU
		{BFC8801E-2FA2-4E7A-986B-358AB150EBA6}.Debug|Any CPU.ActiveCfg = Debug|Any CPU
		{BFC8801E-2FA2-4E7A-986B-358AB150EBA6}.Debug|Any CPU.Build.0 = Debug|Any CPU
		{BFC8801E-2FA2-4E7A-986B-358AB150EBA6}.Release|Any CPU.ActiveCfg = Release|Any CPU
		{BFC8801E-2FA2-4E7A-986B-358AB150EBA6}.Release|Any CPU.Build.0 = Release|Any CPU
	EndGlobalSection
	GlobalSection(SolutionProperties) = preSolution
		HideSolutionNode = FALSE
	EndGlobalSection
	GlobalSection(ExtensibilityGlobals) = postSolution
		SolutionGuid = {D470DE36-C0E3-4D00-8A1C-EE50AD24476B}
	EndGlobalSection
EndGlobal
